
Microsoft Visual Studio Solution File, Format Version 12.00
# Visual Studio Version 17
VisualStudioVersion = 17.12.35506.116 d17.12
MinimumVisualStudioVersion = 10.0.40219.1
Project("{FAE04EC0-301F-11D3-BF4B-00C04F79EFBC}") = "Project.MVC", "Project.MVC\Project.MVC.csproj", "{16BC5DFC-DC8B-44E5-BB81-4A425AB6B70E}"
EndProject
Project("{FAE04EC0-301F-11D3-BF4B-00C04F79EFBC}") = "Project.Service", "Project.Service\Project.Service.csproj", "{CB66373C-EE24-47DA-9765-F11C6437FEC1}"
EndProject
Global
	GlobalSection(SolutionConfigurationPlatforms) = preSolution
		Debug|Any CPU = Debug|Any CPU
		Release|Any CPU = Release|Any CPU
	EndGlobalSection
	GlobalSection(ProjectConfigurationPlatforms) = postSolution
		{16BC5DFC-DC8B-44E5-BB81-4A425AB6B70E}.Debug|Any CPU.ActiveCfg = Debug|Any CPU
		{16BC5DFC-DC8B-44E5-BB81-4A425AB6B70E}.Debug|Any CPU.Build.0 = Debug|Any CPU
		{16BC5DFC-DC8B-44E5-BB81-4A425AB6B70E}.Release|Any CPU.ActiveCfg = Release|Any CPU
		{16BC5DFC-DC8B-44E5-BB81-4A425AB6B70E}.Release|Any CPU.Build.0 = Release|Any CPU
		{CB66373C-EE24-47DA-9765-F11C6437FEC1}.Debug|Any CPU.ActiveCfg = Debug|Any CPU
		{CB66373C-EE24-47DA-9765-F11C6437FEC1}.Debug|Any CPU.Build.0 = Debug|Any CPU
		{CB66373C-EE24-47DA-9765-F11C6437FEC1}.Release|Any CPU.ActiveCfg = Release|Any CPU
		{CB66373C-EE24-47DA-9765-F11C6437FEC1}.Release|Any CPU.Build.0 = Release|Any CPU
	EndGlobalSection
	GlobalSection(SolutionProperties) = preSolution
		HideSolutionNode = FALSE
	EndGlobalSection
EndGlobal
